// !$*UTF8*$!
{
	archiveVersion = 1;
	classes = {
	};
	objectVersion = 56;
	objects = {

/* Begin PBXBuildFile section */
		688F79782A4CCE3700DEEEED /* History.swift in Sources */ = {isa = PBXBuildFile; fileRef = 688F79772A4CCE3700DEEEED /* History.swift */; };
		688F797A2A4CCE5400DEEEED /* PaymentRequest.swift in Sources */ = {isa = PBXBuildFile; fileRef = 688F79792A4CCE5400DEEEED /* PaymentRequest.swift */; };
		688F797C2A4CCE5C00DEEEED /* Notifications.swift in Sources */ = {isa = PBXBuildFile; fileRef = 688F797B2A4CCE5C00DEEEED /* Notifications.swift */; };
		688F797E2A4CCE6600DEEEED /* Friends.swift in Sources */ = {isa = PBXBuildFile; fileRef = 688F797D2A4CCE6600DEEEED /* Friends.swift */; };
		688F79802A4CD7D500DEEEED /* Home.swift in Sources */ = {isa = PBXBuildFile; fileRef = 688F797F2A4CD7D500DEEEED /* Home.swift */; };
		688F79822A4CD82100DEEEED /* Settings.swift in Sources */ = {isa = PBXBuildFile; fileRef = 688F79812A4CD82100DEEEED /* Settings.swift */; };
		68FC17DB2A4A097F00747D79 /* house_E3App.swift in Sources */ = {isa = PBXBuildFile; fileRef = 68FC17DA2A4A097F00747D79 /* house_E3App.swift */; };
		68FC17DD2A4A097F00747D79 /* ContentView.swift in Sources */ = {isa = PBXBuildFile; fileRef = 68FC17DC2A4A097F00747D79 /* ContentView.swift */; };
		68FC17DF2A4A098200747D79 /* Assets.xcassets in Resources */ = {isa = PBXBuildFile; fileRef = 68FC17DE2A4A098200747D79 /* Assets.xcassets */; };
		68FC17E22A4A098200747D79 /* Preview Assets.xcassets in Resources */ = {isa = PBXBuildFile; fileRef = 68FC17E12A4A098200747D79 /* Preview Assets.xcassets */; };
/* End PBXBuildFile section */

/* Begin PBXFileReference section */
		688F79772A4CCE3700DEEEED /* History.swift */ = {isa = PBXFileReference; lastKnownFileType = sourcecode.swift; path = History.swift; sourceTree = "<group>"; };
		688F79792A4CCE5400DEEEED /* PaymentRequest.swift */ = {isa = PBXFileReference; lastKnownFileType = sourcecode.swift; path = PaymentRequest.swift; sourceTree = "<group>"; };
		688F797B2A4CCE5C00DEEEED /* Notifications.swift */ = {isa = PBXFileReference; lastKnownFileType = sourcecode.swift; path = Notifications.swift; sourceTree = "<group>"; };
		688F797D2A4CCE6600DEEEED /* Friends.swift */ = {isa = PBXFileReference; lastKnownFileType = sourcecode.swift; path = Friends.swift; sourceTree = "<group>"; };
		688F797F2A4CD7D500DEEEED /* Home.swift */ = {isa = PBXFileReference; lastKnownFileType = sourcecode.swift; path = Home.swift; sourceTree = "<group>"; };
		688F79812A4CD82100DEEEED /* Settings.swift */ = {isa = PBXFileReference; lastKnownFileType = sourcecode.swift; path = Settings.swift; sourceTree = "<group>"; };
		68FC17D72A4A097F00747D79 /* house E3.app */ = {isa = PBXFileReference; explicitFileType = wrapper.application; includeInIndex = 0; path = "house E3.app"; sourceTree = BUILT_PRODUCTS_DIR; };
		68FC17DA2A4A097F00747D79 /* house_E3App.swift */ = {isa = PBXFileReference; lastKnownFileType = sourcecode.swift; path = house_E3App.swift; sourceTree = "<group>"; };
		68FC17DC2A4A097F00747D79 /* ContentView.swift */ = {isa = PBXFileReference; lastKnownFileType = sourcecode.swift; path = ContentView.swift; sourceTree = "<group>"; };
		68FC17DE2A4A098200747D79 /* Assets.xcassets */ = {isa = PBXFileReference; lastKnownFileType = folder.assetcatalog; path = Assets.xcassets; sourceTree = "<group>"; };
		68FC17E12A4A098200747D79 /* Preview Assets.xcassets */ = {isa = PBXFileReference; lastKnownFileType = folder.assetcatalog; path = "Preview Assets.xcassets"; sourceTree = "<group>"; };
/* End PBXFileReference section */

/* Begin PBXFrameworksBuildPhase section */
		68FC17D42A4A097F00747D79 /* Frameworks */ = {
			isa = PBXFrameworksBuildPhase;
			buildActionMask = 2147483647;
			files = (
			);
			runOnlyForDeploymentPostprocessing = 0;
		};
/* End PBXFrameworksBuildPhase section */

/* Begin PBXGroup section */
		68FC17CE2A4A097F00747D79 = {
			isa = PBXGroup;
			children = (
				68FC17D92A4A097F00747D79 /* house E3 */,
				68FC17D82A4A097F00747D79 /* Products */,
			);
			sourceTree = "<group>";
		};
		68FC17D82A4A097F00747D79 /* Products */ = {
			isa = PBXGroup;
			children = (
				68FC17D72A4A097F00747D79 /* house E3.app */,
			);
			name = Products;
			sourceTree = "<group>";
		};
		68FC17D92A4A097F00747D79 /* house E3 */ = {
			isa = PBXGroup;
			children = (
				68FC17DA2A4A097F00747D79 /* house_E3App.swift */,
				68FC17DC2A4A097F00747D79 /* ContentView.swift */,
				688F79812A4CD82100DEEEED /* Settings.swift */,
				688F797F2A4CD7D500DEEEED /* Home.swift */,
				688F79772A4CCE3700DEEEED /* History.swift */,
				688F79792A4CCE5400DEEEED /* PaymentRequest.swift */,
				688F797B2A4CCE5C00DEEEED /* Notifications.swift */,
				688F797D2A4CCE6600DEEEED /* Friends.swift */,
				68FC17DE2A4A098200747D79 /* Assets.xcassets */,
				68FC17E02A4A098200747D79 /* Preview Content */,
			);
			path = "house E3";
			sourceTree = "<group>";
		};
		68FC17E02A4A098200747D79 /* Preview Content */ = {
			isa = PBXGroup;
			children = (
				68FC17E12A4A098200747D79 /* Preview Assets.xcassets */,
			);
			path = "Preview Content";
			sourceTree = "<group>";
		};
/* End PBXGroup section */

/* Begin PBXNativeTarget section */
		68FC17D62A4A097F00747D79 /* house E3 */ = {
			isa = PBXNativeTarget;
			buildConfigurationList = 68FC17E52A4A098200747D79 /* Build configuration list for PBXNativeTarget "house E3" */;
			buildPhases = (
				68FC17D32A4A097F00747D79 /* Sources */,
				68FC17D42A4A097F00747D79 /* Frameworks */,
				68FC17D52A4A097F00747D79 /* Resources */,
			);
			buildRules = (
			);
			dependencies = (
			);
			name = "house E3";
			productName = "house E3";
			productReference = 68FC17D72A4A097F00747D79 /* house E3.app */;
			productType = "com.apple.product-type.application";
		};
/* End PBXNativeTarget section */

/* Begin PBXProject section */
		68FC17CF2A4A097F00747D79 /* Project object */ = {
			isa = PBXProject;
			attributes = {
				BuildIndependentTargetsInParallel = 1;
				LastSwiftUpdateCheck = 1430;
				LastUpgradeCheck = 1430;
				TargetAttributes = {
					68FC17D62A4A097F00747D79 = {
						CreatedOnToolsVersion = 14.3.1;
					};
				};
			};
			buildConfigurationList = 68FC17D22A4A097F00747D79 /* Build configuration list for PBXProject "house E3" */;
			compatibilityVersion = "Xcode 14.0";
			developmentRegion = en;
			hasScannedForEncodings = 0;
			knownRegions = (
				en,
				Base,
			);
			mainGroup = 68FC17CE2A4A097F00747D79;
			productRefGroup = 68FC17D82A4A097F00747D79 /* Products */;
			projectDirPath = "";
			projectRoot = "";
			targets = (
				68FC17D62A4A097F00747D79 /* house E3 */,
			);
		};
/* End PBXProject section */

/* Begin PBXResourcesBuildPhase section */
		68FC17D52A4A097F00747D79 /* Resources */ = {
			isa = PBXResourcesBuildPhase;
			buildActionMask = 2147483647;
			files = (
				68FC17E22A4A098200747D79 /* Preview Assets.xcassets in Resources */,
				68FC17DF2A4A098200747D79 /* Assets.xcassets in Resources */,
			);
			runOnlyForDeploymentPostprocessing = 0;
		};
/* End PBXResourcesBuildPhase section */

/* Begin PBXSourcesBuildPhase section */
		68FC17D32A4A097F00747D79 /* Sources */ = {
			isa = PBXSourcesBuildPhase;
			buildActionMask = 2147483647;
			files = (
				688F797C2A4CCE5C00DEEEED /* Notifications.swift in Sources */,
				688F797E2A4CCE6600DEEEED /* Friends.swift in Sources */,
				688F79822A4CD82100DEEEED /* Settings.swift in Sources */,
				68FC17DD2A4A097F00747D79 /* ContentView.swift in Sources */,
				688F797A2A4CCE5400DEEEED /* PaymentRequest.swift in Sources */,
				688F79782A4CCE3700DEEEED /* History.swift in Sources */,
				68FC17DB2A4A097F00747D79 /* house_E3App.swift in Sources */,
				688F79802A4CD7D500DEEEED /* Home.swift in Sources */,
			);
			runOnlyForDeploymentPostprocessing = 0;
		};
/* End PBXSourcesBuildPhase section */

/* Begin XCBuildConfiguration section */
		68FC17E32A4A098200747D79 /* Debug */ = {
			isa = XCBuildConfiguration;
			buildSettings = {
				ALWAYS_SEARCH_USER_PATHS = NO;
				CLANG_ANALYZER_NONNULL = YES;
				CLANG_ANALYZER_NUMBER_OBJECT_CONVERSION = YES_AGGRESSIVE;
				CLANG_CXX_LANGUAGE_STANDARD = "gnu++20";
				CLANG_ENABLE_MODULES = YES;
				CLANG_ENABLE_OBJC_ARC = YES;
				CLANG_ENABLE_OBJC_WEAK = YES;
				CLANG_WARN_BLOCK_CAPTURE_AUTORELEASING = YES;
				CLANG_WARN_BOOL_CONVERSION = YES;
				CLANG_WARN_COMMA = YES;
				CLANG_WARN_CONSTANT_CONVERSION = YES;
				CLANG_WARN_DEPRECATED_OBJC_IMPLEMENTATIONS = YES;
				CLANG_WARN_DIRECT_OBJC_ISA_USAGE = YES_ERROR;
				CLANG_WARN_DOCUMENTATION_COMMENTS = YES;
				CLANG_WARN_EMPTY_BODY = YES;
				CLANG_WARN_ENUM_CONVERSION = YES;
				CLANG_WARN_INFINITE_RECURSION = YES;
				CLANG_WARN_INT_CONVERSION = YES;
				CLANG_WARN_NON_LITERAL_NULL_CONVERSION = YES;
				CLANG_WARN_OBJC_IMPLICIT_RETAIN_SELF = YES;
				CLANG_WARN_OBJC_LITERAL_CONVERSION = YES;
				CLANG_WARN_OBJC_ROOT_CLASS = YES_ERROR;
				CLANG_WARN_QUOTED_INCLUDE_IN_FRAMEWORK_HEADER = YES;
				CLANG_WARN_RANGE_LOOP_ANALYSIS = YES;
				CLANG_WARN_STRICT_PROTOTYPES = YES;
				CLANG_WARN_SUSPICIOUS_MOVE = YES;
				CLANG_WARN_UNGUARDED_AVAILABILITY = YES_AGGRESSIVE;
				CLANG_WARN_UNREACHABLE_CODE = YES;
				CLANG_WARN__DUPLICATE_METHOD_MATCH = YES;
				COPY_PHASE_STRIP = NO;
				DEBUG_INFORMATION_FORMAT = dwarf;
				ENABLE_STRICT_OBJC_MSGSEND = YES;
				ENABLE_TESTABILITY = YES;
				GCC_C_LANGUAGE_STANDARD = gnu11;
				GCC_DYNAMIC_NO_PIC = NO;
				GCC_NO_COMMON_BLOCKS = YES;
				GCC_OPTIMIZATION_LEVEL = 0;
				GCC_PREPROCESSOR_DEFINITIONS = (
					"DEBUG=1",
					"$(inherited)",
				);
				GCC_WARN_64_TO_32_BIT_CONVERSION = YES;
				GCC_WARN_ABOUT_RETURN_TYPE = YES_ERROR;
				GCC_WARN_UNDECLARED_SELECTOR = YES;
				GCC_WARN_UNINITIALIZED_AUTOS = YES_AGGRESSIVE;
				GCC_WARN_UNUSED_FUNCTION = YES;
				GCC_WARN_UNUSED_VARIABLE = YES;
				IPHONEOS_DEPLOYMENT_TARGET = 16.4;
				MTL_ENABLE_DEBUG_INFO = INCLUDE_SOURCE;
				MTL_FAST_MATH = YES;
				ONLY_ACTIVE_ARCH = YES;
				SDKROOT = iphoneos;
				SWIFT_ACTIVE_COMPILATION_CONDITIONS = DEBUG;
				SWIFT_OPTIMIZATION_LEVEL = "-Onone";
			};
			name = Debug;
		};
		68FC17E42A4A098200747D79 /* Release */ = {
			isa = XCBuildConfiguration;
			buildSettings = {
				ALWAYS_SEARCH_USER_PATHS = NO;
				CLANG_ANALYZER_NONNULL = YES;
				CLANG_ANALYZER_NUMBER_OBJECT_CONVERSION = YES_AGGRESSIVE;
				CLANG_CXX_LANGUAGE_STANDARD = "gnu++20";
				CLANG_ENABLE_MODULES = YES;
				CLANG_ENABLE_OBJC_ARC = YES;
				CLANG_ENABLE_OBJC_WEAK = YES;
				CLANG_WARN_BLOCK_CAPTURE_AUTORELEASING = YES;
				CLANG_WARN_BOOL_CONVERSION = YES;
				CLANG_WARN_COMMA = YES;
				CLANG_WARN_CONSTANT_CONVERSION = YES;
				CLANG_WARN_DEPRECATED_OBJC_IMPLEMENTATIONS = YES;
				CLANG_WARN_DIRECT_OBJC_ISA_USAGE = YES_ERROR;
				CLANG_WARN_DOCUMENTATION_COMMENTS = YES;
				CLANG_WARN_EMPTY_BODY = YES;
				CLANG_WARN_ENUM_CONVERSION = YES;
				CLANG_WARN_INFINITE_RECURSION = YES;
				CLANG_WARN_INT_CONVERSION = YES;
				CLANG_WARN_NON_LITERAL_NULL_CONVERSION = YES;
				CLANG_WARN_OBJC_IMPLICIT_RETAIN_SELF = YES;
				CLANG_WARN_OBJC_LITERAL_CONVERSION = YES;
				CLANG_WARN_OBJC_ROOT_CLASS = YES_ERROR;
				CLANG_WARN_QUOTED_INCLUDE_IN_FRAMEWORK_HEADER = YES;
				CLANG_WARN_RANGE_LOOP_ANALYSIS = YES;
				CLANG_WARN_STRICT_PROTOTYPES = YES;
				CLANG_WARN_SUSPICIOUS_MOVE = YES;
				CLANG_WARN_UNGUARDED_AVAILABILITY = YES_AGGRESSIVE;
				CLANG_WARN_UNREACHABLE_CODE = YES;
				CLANG_WARN__DUPLICATE_METHOD_MATCH = YES;
				COPY_PHASE_STRIP = NO;
				DEBUG_INFORMATION_FORMAT = "dwarf-with-dsym";
				ENABLE_NS_ASSERTIONS = NO;
				ENABLE_STRICT_OBJC_MSGSEND = YES;
				GCC_C_LANGUAGE_STANDARD = gnu11;
				GCC_NO_COMMON_BLOCKS = YES;
				GCC_WARN_64_TO_32_BIT_CONVERSION = YES;
				GCC_WARN_ABOUT_RETURN_TYPE = YES_ERROR;
				GCC_WARN_UNDECLARED_SELECTOR = YES;
				GCC_WARN_UNINITIALIZED_AUTOS = YES_AGGRESSIVE;
				GCC_WARN_UNUSED_FUNCTION = YES;
				GCC_WARN_UNUSED_VARIABLE = YES;
				IPHONEOS_DEPLOYMENT_TARGET = 16.4;
				MTL_ENABLE_DEBUG_INFO = NO;
				MTL_FAST_MATH = YES;
				SDKROOT = iphoneos;
				SWIFT_COMPILATION_MODE = wholemodule;
				SWIFT_OPTIMIZATION_LEVEL = "-O";
				VALIDATE_PRODUCT = YES;
			};
			name = Release;
		};
		68FC17E62A4A098200747D79 /* Debug */ = {
			isa = XCBuildConfiguration;
			buildSettings = {
				ASSETCATALOG_COMPILER_APPICON_NAME = AppIcon;
				ASSETCATALOG_COMPILER_GLOBAL_ACCENT_COLOR_NAME = AccentColor;
				CODE_SIGN_STYLE = Automatic;
				CURRENT_PROJECT_VERSION = 1;
				DEVELOPMENT_ASSET_PATHS = "\"house E3/Preview Content\"";
				DEVELOPMENT_TEAM = JSUNAV46JM;
				ENABLE_PREVIEWS = YES;
				GENERATE_INFOPLIST_FILE = YES;
				INFOPLIST_KEY_UIApplicationSceneManifest_Generation = YES;
				INFOPLIST_KEY_UIApplicationSupportsIndirectInputEvents = YES;
				INFOPLIST_KEY_UILaunchScreen_Generation = YES;
				INFOPLIST_KEY_UISupportedInterfaceOrientations_iPad = "UIInterfaceOrientationPortrait UIInterfaceOrientationPortraitUpsideDown UIInterfaceOrientationLandscapeLeft UIInterfaceOrientationLandscapeRight";
				INFOPLIST_KEY_UISupportedInterfaceOrientations_iPhone = "UIInterfaceOrientationPortrait UIInterfaceOrientationLandscapeLeft UIInterfaceOrientationLandscapeRight";
				LD_RUNPATH_SEARCH_PATHS = (
					"$(inherited)",
					"@executable_path/Frameworks",
				);
				MARKETING_VERSION = 1.0;
				PRODUCT_BUNDLE_IDENTIFIER = "KWK.house-E3";
				PRODUCT_NAME = "$(TARGET_NAME)";
				SWIFT_EMIT_LOC_STRINGS = YES;
				SWIFT_VERSION = 5.0;
				TARGETED_DEVICE_FAMILY = "1,2";
			};
			name = Debug;
		};
		68FC17E72A4A098200747D79 /* Release */ = {
			isa = XCBuildConfiguration;
			buildSettings = {
				ASSETCATALOG_COMPILER_APPICON_NAME = AppIcon;
				ASSETCATALOG_COMPILER_GLOBAL_ACCENT_COLOR_NAME = AccentColor;
				CODE_SIGN_STYLE = Automatic;
				CURRENT_PROJECT_VERSION = 1;
				DEVELOPMENT_ASSET_PATHS = "\"house E3/Preview Content\"";
				DEVELOPMENT_TEAM = JSUNAV46JM;
				ENABLE_PREVIEWS = YES;
				GENERATE_INFOPLIST_FILE = YES;
				INFOPLIST_KEY_UIApplicationSceneManifest_Generation = YES;
				INFOPLIST_KEY_UIApplicationSupportsIndirectInputEvents = YES;
				INFOPLIST_KEY_UILaunchScreen_Generation = YES;
				INFOPLIST_KEY_UISupportedInterfaceOrientations_iPad = "UIInterfaceOrientationPortrait UIInterfaceOrientationPortraitUpsideDown UIInterfaceOrientationLandscapeLeft UIInterfaceOrientationLandscapeRight";
				INFOPLIST_KEY_UISupportedInterfaceOrientations_iPhone = "UIInterfaceOrientationPortrait UIInterfaceOrientationLandscapeLeft UIInterfaceOrientationLandscapeRight";
				LD_RUNPATH_SEARCH_PATHS = (
					"$(inherited)",
					"@executable_path/Frameworks",
				);
				MARKETING_VERSION = 1.0;
				PRODUCT_BUNDLE_IDENTIFIER = "KWK.house-E3";
				PRODUCT_NAME = "$(TARGET_NAME)";
				SWIFT_EMIT_LOC_STRINGS = YES;
				SWIFT_VERSION = 5.0;
				TARGETED_DEVICE_FAMILY = "1,2";
			};
			name = Release;
		};
/* End XCBuildConfiguration section */

/* Begin XCConfigurationList section */
		68FC17D22A4A097F00747D79 /* Build configuration list for PBXProject "house E3" */ = {
			isa = XCConfigurationList;
			buildConfigurations = (
				68FC17E32A4A098200747D79 /* Debug */,
				68FC17E42A4A098200747D79 /* Release */,
			);
			defaultConfigurationIsVisible = 0;
			defaultConfigurationName = Release;
		};
		68FC17E52A4A098200747D79 /* Build configuration list for PBXNativeTarget "house E3" */ = {
			isa = XCConfigurationList;
			buildConfigurations = (
				68FC17E62A4A098200747D79 /* Debug */,
				68FC17E72A4A098200747D79 /* Release */,
			);
			defaultConfigurationIsVisible = 0;
			defaultConfigurationName = Release;
		};
/* End XCConfigurationList section */
	};
	rootObject = 68FC17CF2A4A097F00747D79 /* Project object */;
}
